
Microsoft Visual Studio Solution File, Format Version 12.00
# Visual Studio Version 16
VisualStudioVersion = 16.0.31410.357
MinimumVisualStudioVersion = 10.0.40219.1
Project("{FAE04EC0-301F-11D3-BF4B-00C04F79EFBC}") = "Spiral", "Spiral.csproj", "{2B5346BB-AC58-4794-8122-FC35C33C6992}"
EndProject
Global
	GlobalSection(SolutionConfigurationPlatforms) = preSolution
		Debug|Any CPU = Debug|Any CPU
		Release|Any CPU = Release|Any CPU
	EndGlobalSection
	GlobalSection(ProjectConfigurationPlatforms) = postSolution
		{2B5346BB-AC58-4794-8122-FC35C33C6992}.Debug|Any CPU.ActiveCfg = Debug|Any CPU
		{2B5346BB-AC58-4794-8122-FC35C33C6992}.Debug|Any CPU.Build.0 = Debug|Any CPU
		{2B5346BB-AC58-4794-8122-FC35C33C6992}.Release|Any CPU.ActiveCfg = Release|Any CPU
		{2B5346BB-AC58-4794-8122-FC35C33C6992}.Release|Any CPU.Build.0 = Release|Any CPU
	EndGlobalSection
	GlobalSection(SolutionProperties) = preSolution
		HideSolutionNode = FALSE
	EndGlobalSection
	GlobalSection(ExtensibilityGlobals) = postSolution
		SolutionGuid = {A6C45C0B-651B-4619-B0DD-FCC26CB0D3E2}
	EndGlobalSection
EndGlobal
